// !$*UTF8*$!
{
	archiveVersion = 1;
	classes = {
	};
	objectVersion = 55;
	objects = {

/* Begin PBXBuildFile section */
		F4DD112B27FDCCA80090E163 /* Modal_DownSwipeDisabledApp.swift in Sources */ = {isa = PBXBuildFile; fileRef = F4DD112A27FDCCA80090E163 /* Modal_DownSwipeDisabledApp.swift */; };
		F4DD112D27FDCCA80090E163 /* ContentView.swift in Sources */ = {isa = PBXBuildFile; fileRef = F4DD112C27FDCCA80090E163 /* ContentView.swift */; };
		F4DD112F27FDCCAC0090E163 /* Assets.xcassets in Resources */ = {isa = PBXBuildFile; fileRef = F4DD112E27FDCCAC0090E163 /* Assets.xcassets */; };
		F4DD113227FDCCAC0090E163 /* Preview Assets.xcassets in Resources */ = {isa = PBXBuildFile; fileRef = F4DD113127FDCCAC0090E163 /* Preview Assets.xcassets */; };
		F4DD113427FDCCAC0090E163 /* Persistence.swift in Sources */ = {isa = PBXBuildFile; fileRef = F4DD113327FDCCAC0090E163 /* Persistence.swift */; };
		F4DD113727FDCCAC0090E163 /* Modal_DownSwipeDisabled.xcdatamodeld in Sources */ = {isa = PBXBuildFile; fileRef = F4DD113527FDCCAC0090E163 /* Modal_DownSwipeDisabled.xcdatamodeld */; };
		F4DD114127FDCCAC0090E163 /* Modal_DownSwipeDisabledTests.swift in Sources */ = {isa = PBXBuildFile; fileRef = F4DD114027FDCCAC0090E163 /* Modal_DownSwipeDisabledTests.swift */; };
		F4DD114B27FDCCAD0090E163 /* Modal_DownSwipeDisabledUITests.swift in Sources */ = {isa = PBXBuildFile; fileRef = F4DD114A27FDCCAD0090E163 /* Modal_DownSwipeDisabledUITests.swift */; };
		F4DD114D27FDCCAD0090E163 /* Modal_DownSwipeDisabledUITestsLaunchTests.swift in Sources */ = {isa = PBXBuildFile; fileRef = F4DD114C27FDCCAD0090E163 /* Modal_DownSwipeDisabledUITestsLaunchTests.swift */; };
/* End PBXBuildFile section */

/* Begin PBXContainerItemProxy section */
		F4DD113D27FDCCAC0090E163 /* PBXContainerItemProxy */ = {
			isa = PBXContainerItemProxy;
			containerPortal = F4DD111F27FDCCA80090E163 /* Project object */;
			proxyType = 1;
			remoteGlobalIDString = F4DD112627FDCCA80090E163;
			remoteInfo = "Modal-DownSwipeDisabled";
		};
		F4DD114727FDCCAD0090E163 /* PBXContainerItemProxy */ = {
			isa = PBXContainerItemProxy;
			containerPortal = F4DD111F27FDCCA80090E163 /* Project object */;
			proxyType = 1;
			remoteGlobalIDString = F4DD112627FDCCA80090E163;
			remoteInfo = "Modal-DownSwipeDisabled";
		};
/* End PBXContainerItemProxy section */

/* Begin PBXFileReference section */
		F4DD112727FDCCA80090E163 /* Modal-DownSwipeDisabled.app */ = {isa = PBXFileReference; explicitFileType = wrapper.application; includeInIndex = 0; path = "Modal-DownSwipeDisabled.app"; sourceTree = BUILT_PRODUCTS_DIR; };
		F4DD112A27FDCCA80090E163 /* Modal_DownSwipeDisabledApp.swift */ = {isa = PBXFileReference; lastKnownFileType = sourcecode.swift; path = Modal_DownSwipeDisabledApp.swift; sourceTree = "<group>"; };
		F4DD112C27FDCCA80090E163 /* ContentView.swift */ = {isa = PBXFileReference; lastKnownFileType = sourcecode.swift; path = ContentView.swift; sourceTree = "<group>"; };
		F4DD112E27FDCCAC0090E163 /* Assets.xcassets */ = {isa = PBXFileReference; lastKnownFileType = folder.assetcatalog; path = Assets.xcassets; sourceTree = "<group>"; };
		F4DD113127FDCCAC0090E163 /* Preview Assets.xcassets */ = {isa = PBXFileReference; lastKnownFileType = folder.assetcatalog; path = "Preview Assets.xcassets"; sourceTree = "<group>"; };
		F4DD113327FDCCAC0090E163 /* Persistence.swift */ = {isa = PBXFileReference; lastKnownFileType = sourcecode.swift; path = Persistence.swift; sourceTree = "<group>"; };
		F4DD113627FDCCAC0090E163 /* Modal_DownSwipeDisabled.xcdatamodel */ = {isa = PBXFileReference; lastKnownFileType = wrapper.xcdatamodel; path = Modal_DownSwipeDisabled.xcdatamodel; sourceTree = "<group>"; };
		F4DD113C27FDCCAC0090E163 /* Modal-DownSwipeDisabledTests.xctest */ = {isa = PBXFileReference; explicitFileType = wrapper.cfbundle; includeInIndex = 0; path = "Modal-DownSwipeDisabledTests.xctest"; sourceTree = BUILT_PRODUCTS_DIR; };
		F4DD114027FDCCAC0090E163 /* Modal_DownSwipeDisabledTests.swift */ = {isa = PBXFileReference; lastKnownFileType = sourcecode.swift; path = Modal_DownSwipeDisabledTests.swift; sourceTree = "<group>"; };
		F4DD114627FDCCAD0090E163 /* Modal-DownSwipeDisabledUITests.xctest */ = {isa = PBXFileReference; explicitFileType = wrapper.cfbundle; includeInIndex = 0; path = "Modal-DownSwipeDisabledUITests.xctest"; sourceTree = BUILT_PRODUCTS_DIR; };
		F4DD114A27FDCCAD0090E163 /* Modal_DownSwipeDisabledUITests.swift */ = {isa = PBXFileReference; lastKnownFileType = sourcecode.swift; path = Modal_DownSwipeDisabledUITests.swift; sourceTree = "<group>"; };
		F4DD114C27FDCCAD0090E163 /* Modal_DownSwipeDisabledUITestsLaunchTests.swift */ = {isa = PBXFileReference; lastKnownFileType = sourcecode.swift; path = Modal_DownSwipeDisabledUITestsLaunchTests.swift; sourceTree = "<group>"; };
/* End PBXFileReference section */

/* Begin PBXFrameworksBuildPhase section */
		F4DD112427FDCCA80090E163 /* Frameworks */ = {
			isa = PBXFrameworksBuildPhase;
			buildActionMask = 2147483647;
			files = (
			);
			runOnlyForDeploymentPostprocessing = 0;
		};
		F4DD113927FDCCAC0090E163 /* Frameworks */ = {
			isa = PBXFrameworksBuildPhase;
			buildActionMask = 2147483647;
			files = (
			);
			runOnlyForDeploymentPostprocessing = 0;
		};
		F4DD114327FDCCAD0090E163 /* Frameworks */ = {
			isa = PBXFrameworksBuildPhase;
			buildActionMask = 2147483647;
			files = (
			);
			runOnlyForDeploymentPostprocessing = 0;
		};
/* End PBXFrameworksBuildPhase section */

/* Begin PBXGroup section */
		F4DD111E27FDCCA80090E163 = {
			isa = PBXGroup;
			children = (
				F4DD112927FDCCA80090E163 /* Modal-DownSwipeDisabled */,
				F4DD113F27FDCCAC0090E163 /* Modal-DownSwipeDisabledTests */,
				F4DD114927FDCCAD0090E163 /* Modal-DownSwipeDisabledUITests */,
				F4DD112827FDCCA80090E163 /* Products */,
			);
			sourceTree = "<group>";
		};
		F4DD112827FDCCA80090E163 /* Products */ = {
			isa = PBXGroup;
			children = (
				F4DD112727FDCCA80090E163 /* Modal-DownSwipeDisabled.app */,
				F4DD113C27FDCCAC0090E163 /* Modal-DownSwipeDisabledTests.xctest */,
				F4DD114627FDCCAD0090E163 /* Modal-DownSwipeDisabledUITests.xctest */,
			);
			name = Products;
			sourceTree = "<group>";
		};
		F4DD112927FDCCA80090E163 /* Modal-DownSwipeDisabled */ = {
			isa = PBXGroup;
			children = (
				F4DD112A27FDCCA80090E163 /* Modal_DownSwipeDisabledApp.swift */,
				F4DD112C27FDCCA80090E163 /* ContentView.swift */,
				F4DD112E27FDCCAC0090E163 /* Assets.xcassets */,
				F4DD113327FDCCAC0090E163 /* Persistence.swift */,
				F4DD113527FDCCAC0090E163 /* Modal_DownSwipeDisabled.xcdatamodeld */,
				F4DD113027FDCCAC0090E163 /* Preview Content */,
			);
			path = "Modal-DownSwipeDisabled";
			sourceTree = "<group>";
		};
		F4DD113027FDCCAC0090E163 /* Preview Content */ = {
			isa = PBXGroup;
			children = (
				F4DD113127FDCCAC0090E163 /* Preview Assets.xcassets */,
			);
			path = "Preview Content";
			sourceTree = "<group>";
		};
		F4DD113F27FDCCAC0090E163 /* Modal-DownSwipeDisabledTests */ = {
			isa = PBXGroup;
			children = (
				F4DD114027FDCCAC0090E163 /* Modal_DownSwipeDisabledTests.swift */,
			);
			path = "Modal-DownSwipeDisabledTests";
			sourceTree = "<group>";
		};
		F4DD114927FDCCAD0090E163 /* Modal-DownSwipeDisabledUITests */ = {
			isa = PBXGroup;
			children = (
				F4DD114A27FDCCAD0090E163 /* Modal_DownSwipeDisabledUITests.swift */,
				F4DD114C27FDCCAD0090E163 /* Modal_DownSwipeDisabledUITestsLaunchTests.swift */,
			);
			path = "Modal-DownSwipeDisabledUITests";
			sourceTree = "<group>";
		};
/* End PBXGroup section */

/* Begin PBXNativeTarget section */
		F4DD112627FDCCA80090E163 /* Modal-DownSwipeDisabled */ = {
			isa = PBXNativeTarget;
			buildConfigurationList = F4DD115027FDCCAD0090E163 /* Build configuration list for PBXNativeTarget "Modal-DownSwipeDisabled" */;
			buildPhases = (
				F4DD112327FDCCA80090E163 /* Sources */,
				F4DD112427FDCCA80090E163 /* Frameworks */,
				F4DD112527FDCCA80090E163 /* Resources */,
			);
			buildRules = (
			);
			dependencies = (
			);
			name = "Modal-DownSwipeDisabled";
			productName = "Modal-DownSwipeDisabled";
			productReference = F4DD112727FDCCA80090E163 /* Modal-DownSwipeDisabled.app */;
			productType = "com.apple.product-type.application";
		};
		F4DD113B27FDCCAC0090E163 /* Modal-DownSwipeDisabledTests */ = {
			isa = PBXNativeTarget;
			buildConfigurationList = F4DD115327FDCCAD0090E163 /* Build configuration list for PBXNativeTarget "Modal-DownSwipeDisabledTests" */;
			buildPhases = (
				F4DD113827FDCCAC0090E163 /* Sources */,
				F4DD113927FDCCAC0090E163 /* Frameworks */,
				F4DD113A27FDCCAC0090E163 /* Resources */,
			);
			buildRules = (
			);
			dependencies = (
				F4DD113E27FDCCAC0090E163 /* PBXTargetDependency */,
			);
			name = "Modal-DownSwipeDisabledTests";
			productName = "Modal-DownSwipeDisabledTests";
			productReference = F4DD113C27FDCCAC0090E163 /* Modal-DownSwipeDisabledTests.xctest */;
			productType = "com.apple.product-type.bundle.unit-test";
		};
		F4DD114527FDCCAD0090E163 /* Modal-DownSwipeDisabledUITests */ = {
			isa = PBXNativeTarget;
			buildConfigurationList = F4DD115627FDCCAD0090E163 /* Build configuration list for PBXNativeTarget "Modal-DownSwipeDisabledUITests" */;
			buildPhases = (
				F4DD114227FDCCAD0090E163 /* Sources */,
				F4DD114327FDCCAD0090E163 /* Frameworks */,
				F4DD114427FDCCAD0090E163 /* Resources */,
			);
			buildRules = (
			);
			dependencies = (
				F4DD114827FDCCAD0090E163 /* PBXTargetDependency */,
			);
			name = "Modal-DownSwipeDisabledUITests";
			productName = "Modal-DownSwipeDisabledUITests";
			productReference = F4DD114627FDCCAD0090E163 /* Modal-DownSwipeDisabledUITests.xctest */;
			productType = "com.apple.product-type.bundle.ui-testing";
		};
/* End PBXNativeTarget section */

/* Begin PBXProject section */
		F4DD111F27FDCCA80090E163 /* Project object */ = {
			isa = PBXProject;
			attributes = {
				BuildIndependentTargetsInParallel = 1;
				LastSwiftUpdateCheck = 1310;
				LastUpgradeCheck = 1310;
				TargetAttributes = {
					F4DD112627FDCCA80090E163 = {
						CreatedOnToolsVersion = 13.1;
					};
					F4DD113B27FDCCAC0090E163 = {
						CreatedOnToolsVersion = 13.1;
						TestTargetID = F4DD112627FDCCA80090E163;
					};
					F4DD114527FDCCAD0090E163 = {
						CreatedOnToolsVersion = 13.1;
						TestTargetID = F4DD112627FDCCA80090E163;
					};
				};
			};
			buildConfigurationList = F4DD112227FDCCA80090E163 /* Build configuration list for PBXProject "Modal-DownSwipeDisabled" */;
			compatibilityVersion = "Xcode 13.0";
			developmentRegion = en;
			hasScannedForEncodings = 0;
			knownRegions = (
				en,
				Base,
			);
			mainGroup = F4DD111E27FDCCA80090E163;
			productRefGroup = F4DD112827FDCCA80090E163 /* Products */;
			projectDirPath = "";
			projectRoot = "";
			targets = (
				F4DD112627FDCCA80090E163 /* Modal-DownSwipeDisabled */,
				F4DD113B27FDCCAC0090E163 /* Modal-DownSwipeDisabledTests */,
				F4DD114527FDCCAD0090E163 /* Modal-DownSwipeDisabledUITests */,
			);
		};
/* End PBXProject section */

/* Begin PBXResourcesBuildPhase section */
		F4DD112527FDCCA80090E163 /* Resources */ = {
			isa = PBXResourcesBuildPhase;
			buildActionMask = 2147483647;
			files = (
				F4DD113227FDCCAC0090E163 /* Preview Assets.xcassets in Resources */,
				F4DD112F27FDCCAC0090E163 /* Assets.xcassets in Resources */,
			);
			runOnlyForDeploymentPostprocessing = 0;
		};
		F4DD113A27FDCCAC0090E163 /* Resources */ = {
			isa = PBXResourcesBuildPhase;
			buildActionMask = 2147483647;
			files = (
			);
			runOnlyForDeploymentPostprocessing = 0;
		};
		F4DD114427FDCCAD0090E163 /* Resources */ = {
			isa = PBXResourcesBuildPhase;
			buildActionMask = 2147483647;
			files = (
			);
			runOnlyForDeploymentPostprocessing = 0;
		};
/* End PBXResourcesBuildPhase section */

/* Begin PBXSourcesBuildPhase section */
		F4DD112327FDCCA80090E163 /* Sources */ = {
			isa = PBXSourcesBuildPhase;
			buildActionMask = 2147483647;
			files = (
				F4DD113727FDCCAC0090E163 /* Modal_DownSwipeDisabled.xcdatamodeld in Sources */,
				F4DD113427FDCCAC0090E163 /* Persistence.swift in Sources */,
				F4DD112D27FDCCA80090E163 /* ContentView.swift in Sources */,
				F4DD112B27FDCCA80090E163 /* Modal_DownSwipeDisabledApp.swift in Sources */,
			);
			runOnlyForDeploymentPostprocessing = 0;
		};
		F4DD113827FDCCAC0090E163 /* Sources */ = {
			isa = PBXSourcesBuildPhase;
			buildActionMask = 2147483647;
			files = (
				F4DD114127FDCCAC0090E163 /* Modal_DownSwipeDisabledTests.swift in Sources */,
			);
			runOnlyForDeploymentPostprocessing = 0;
		};
		F4DD114227FDCCAD0090E163 /* Sources */ = {
			isa = PBXSourcesBuildPhase;
			buildActionMask = 2147483647;
			files = (
				F4DD114B27FDCCAD0090E163 /* Modal_DownSwipeDisabledUITests.swift in Sources */,
				F4DD114D27FDCCAD0090E163 /* Modal_DownSwipeDisabledUITestsLaunchTests.swift in Sources */,
			);
			runOnlyForDeploymentPostprocessing = 0;
		};
/* End PBXSourcesBuildPhase section */

/* Begin PBXTargetDependency section */
		F4DD113E27FDCCAC0090E163 /* PBXTargetDependency */ = {
			isa = PBXTargetDependency;
			target = F4DD112627FDCCA80090E163 /* Modal-DownSwipeDisabled */;
			targetProxy = F4DD113D27FDCCAC0090E163 /* PBXContainerItemProxy */;
		};
		F4DD114827FDCCAD0090E163 /* PBXTargetDependency */ = {
			isa = PBXTargetDependency;
			target = F4DD112627FDCCA80090E163 /* Modal-DownSwipeDisabled */;
			targetProxy = F4DD114727FDCCAD0090E163 /* PBXContainerItemProxy */;
		};
/* End PBXTargetDependency section */

/* Begin XCBuildConfiguration section */
		F4DD114E27FDCCAD0090E163 /* Debug */ = {
			isa = XCBuildConfiguration;
			buildSettings = {
				ALWAYS_SEARCH_USER_PATHS = NO;
				CLANG_ANALYZER_NONNULL = YES;
				CLANG_ANALYZER_NUMBER_OBJECT_CONVERSION = YES_AGGRESSIVE;
				CLANG_CXX_LANGUAGE_STANDARD = "gnu++17";
				CLANG_CXX_LIBRARY = "libc++";
				CLANG_ENABLE_MODULES = YES;
				CLANG_ENABLE_OBJC_ARC = YES;
				CLANG_ENABLE_OBJC_WEAK = YES;
				CLANG_WARN_BLOCK_CAPTURE_AUTORELEASING = YES;
				CLANG_WARN_BOOL_CONVERSION = YES;
				CLANG_WARN_COMMA = YES;
				CLANG_WARN_CONSTANT_CONVERSION = YES;
				CLANG_WARN_DEPRECATED_OBJC_IMPLEMENTATIONS = YES;
				CLANG_WARN_DIRECT_OBJC_ISA_USAGE = YES_ERROR;
				CLANG_WARN_DOCUMENTATION_COMMENTS = YES;
				CLANG_WARN_EMPTY_BODY = YES;
				CLANG_WARN_ENUM_CONVERSION = YES;
				CLANG_WARN_INFINITE_RECURSION = YES;
				CLANG_WARN_INT_CONVERSION = YES;
				CLANG_WARN_NON_LITERAL_NULL_CONVERSION = YES;
				CLANG_WARN_OBJC_IMPLICIT_RETAIN_SELF = YES;
				CLANG_WARN_OBJC_LITERAL_CONVERSION = YES;
				CLANG_WARN_OBJC_ROOT_CLASS = YES_ERROR;
				CLANG_WARN_QUOTED_INCLUDE_IN_FRAMEWORK_HEADER = YES;
				CLANG_WARN_RANGE_LOOP_ANALYSIS = YES;
				CLANG_WARN_STRICT_PROTOTYPES = YES;
				CLANG_WARN_SUSPICIOUS_MOVE = YES;
				CLANG_WARN_UNGUARDED_AVAILABILITY = YES_AGGRESSIVE;
				CLANG_WARN_UNREACHABLE_CODE = YES;
				CLANG_WARN__DUPLICATE_METHOD_MATCH = YES;
				COPY_PHASE_STRIP = NO;
				DEBUG_INFORMATION_FORMAT = dwarf;
				ENABLE_STRICT_OBJC_MSGSEND = YES;
				ENABLE_TESTABILITY = YES;
				GCC_C_LANGUAGE_STANDARD = gnu11;
				GCC_DYNAMIC_NO_PIC = NO;
				GCC_NO_COMMON_BLOCKS = YES;
				GCC_OPTIMIZATION_LEVEL = 0;
				GCC_PREPROCESSOR_DEFINITIONS = (
					"DEBUG=1",
					"$(inherited)",
				);
				GCC_WARN_64_TO_32_BIT_CONVERSION = YES;
				GCC_WARN_ABOUT_RETURN_TYPE = YES_ERROR;
				GCC_WARN_UNDECLARED_SELECTOR = YES;
				GCC_WARN_UNINITIALIZED_AUTOS = YES_AGGRESSIVE;
				GCC_WARN_UNUSED_FUNCTION = YES;
				GCC_WARN_UNUSED_VARIABLE = YES;
				IPHONEOS_DEPLOYMENT_TARGET = 15.0;
				MTL_ENABLE_DEBUG_INFO = INCLUDE_SOURCE;
				MTL_FAST_MATH = YES;
				ONLY_ACTIVE_ARCH = YES;
				SDKROOT = iphoneos;
				SWIFT_ACTIVE_COMPILATION_CONDITIONS = DEBUG;
				SWIFT_OPTIMIZATION_LEVEL = "-Onone";
			};
			name = Debug;
		};
		F4DD114F27FDCCAD0090E163 /* Release */ = {
			isa = XCBuildConfiguration;
			buildSettings = {
				ALWAYS_SEARCH_USER_PATHS = NO;
				CLANG_ANALYZER_NONNULL = YES;
				CLANG_ANALYZER_NUMBER_OBJECT_CONVERSION = YES_AGGRESSIVE;
				CLANG_CXX_LANGUAGE_STANDARD = "gnu++17";
				CLANG_CXX_LIBRARY = "libc++";
				CLANG_ENABLE_MODULES = YES;
				CLANG_ENABLE_OBJC_ARC = YES;
				CLANG_ENABLE_OBJC_WEAK = YES;
				CLANG_WARN_BLOCK_CAPTURE_AUTORELEASING = YES;
				CLANG_WARN_BOOL_CONVERSION = YES;
				CLANG_WARN_COMMA = YES;
				CLANG_WARN_CONSTANT_CONVERSION = YES;
				CLANG_WARN_DEPRECATED_OBJC_IMPLEMENTATIONS = YES;
				CLANG_WARN_DIRECT_OBJC_ISA_USAGE = YES_ERROR;
				CLANG_WARN_DOCUMENTATION_COMMENTS = YES;
				CLANG_WARN_EMPTY_BODY = YES;
				CLANG_WARN_ENUM_CONVERSION = YES;
				CLANG_WARN_INFINITE_RECURSION = YES;
				CLANG_WARN_INT_CONVERSION = YES;
				CLANG_WARN_NON_LITERAL_NULL_CONVERSION = YES;
				CLANG_WARN_OBJC_IMPLICIT_RETAIN_SELF = YES;
				CLANG_WARN_OBJC_LITERAL_CONVERSION = YES;
				CLANG_WARN_OBJC_ROOT_CLASS = YES_ERROR;
				CLANG_WARN_QUOTED_INCLUDE_IN_FRAMEWORK_HEADER = YES;
				CLANG_WARN_RANGE_LOOP_ANALYSIS = YES;
				CLANG_WARN_STRICT_PROTOTYPES = YES;
				CLANG_WARN_SUSPICIOUS_MOVE = YES;
				CLANG_WARN_UNGUARDED_AVAILABILITY = YES_AGGRESSIVE;
				CLANG_WARN_UNREACHABLE_CODE = YES;
				CLANG_WARN__DUPLICATE_METHOD_MATCH = YES;
				COPY_PHASE_STRIP = NO;
				DEBUG_INFORMATION_FORMAT = "dwarf-with-dsym";
				ENABLE_NS_ASSERTIONS = NO;
				ENABLE_STRICT_OBJC_MSGSEND = YES;
				GCC_C_LANGUAGE_STANDARD = gnu11;
				GCC_NO_COMMON_BLOCKS = YES;
				GCC_WARN_64_TO_32_BIT_CONVERSION = YES;
				GCC_WARN_ABOUT_RETURN_TYPE = YES_ERROR;
				GCC_WARN_UNDECLARED_SELECTOR = YES;
				GCC_WARN_UNINITIALIZED_AUTOS = YES_AGGRESSIVE;
				GCC_WARN_UNUSED_FUNCTION = YES;
				GCC_WARN_UNUSED_VARIABLE = YES;
				IPHONEOS_DEPLOYMENT_TARGET = 15.0;
				MTL_ENABLE_DEBUG_INFO = NO;
				MTL_FAST_MATH = YES;
				SDKROOT = iphoneos;
				SWIFT_COMPILATION_MODE = wholemodule;
				SWIFT_OPTIMIZATION_LEVEL = "-O";
				VALIDATE_PRODUCT = YES;
			};
			name = Release;
		};
		F4DD115127FDCCAD0090E163 /* Debug */ = {
			isa = XCBuildConfiguration;
			buildSettings = {
				ASSETCATALOG_COMPILER_APPICON_NAME = AppIcon;
				ASSETCATALOG_COMPILER_GLOBAL_ACCENT_COLOR_NAME = AccentColor;
				CODE_SIGN_STYLE = Automatic;
				CURRENT_PROJECT_VERSION = 1;
				DEVELOPMENT_ASSET_PATHS = "\"Modal-DownSwipeDisabled/Preview Content\"";
				DEVELOPMENT_TEAM = S3PW95J64Q;
				ENABLE_PREVIEWS = YES;
				GENERATE_INFOPLIST_FILE = YES;
				INFOPLIST_KEY_UIApplicationSceneManifest_Generation = YES;
				INFOPLIST_KEY_UIApplicationSupportsIndirectInputEvents = YES;
				INFOPLIST_KEY_UILaunchScreen_Generation = YES;
				INFOPLIST_KEY_UISupportedInterfaceOrientations_iPad = "UIInterfaceOrientationPortrait UIInterfaceOrientationPortraitUpsideDown UIInterfaceOrientationLandscapeLeft UIInterfaceOrientationLandscapeRight";
				INFOPLIST_KEY_UISupportedInterfaceOrientations_iPhone = "UIInterfaceOrientationPortrait UIInterfaceOrientationLandscapeLeft UIInterfaceOrientationLandscapeRight";
				LD_RUNPATH_SEARCH_PATHS = (
					"$(inherited)",
					"@executable_path/Frameworks",
				);
				MARKETING_VERSION = 1.0;
				PRODUCT_BUNDLE_IDENTIFIER = "com.Hiroaki-Hirabayashi.Modal-DownSwipeDisabled";
				PRODUCT_NAME = "$(TARGET_NAME)";
				SWIFT_EMIT_LOC_STRINGS = YES;
				SWIFT_VERSION = 5.0;
				TARGETED_DEVICE_FAMILY = "1,2";
			};
			name = Debug;
		};
		F4DD115227FDCCAD0090E163 /* Release */ = {
			isa = XCBuildConfiguration;
			buildSettings = {
				ASSETCATALOG_COMPILER_APPICON_NAME = AppIcon;
				ASSETCATALOG_COMPILER_GLOBAL_ACCENT_COLOR_NAME = AccentColor;
				CODE_SIGN_STYLE = Automatic;
				CURRENT_PROJECT_VERSION = 1;
				DEVELOPMENT_ASSET_PATHS = "\"Modal-DownSwipeDisabled/Preview Content\"";
				DEVELOPMENT_TEAM = S3PW95J64Q;
				ENABLE_PREVIEWS = YES;
				GENERATE_INFOPLIST_FILE = YES;
				INFOPLIST_KEY_UIApplicationSceneManifest_Generation = YES;
				INFOPLIST_KEY_UIApplicationSupportsIndirectInputEvents = YES;
				INFOPLIST_KEY_UILaunchScreen_Generation = YES;
				INFOPLIST_KEY_UISupportedInterfaceOrientations_iPad = "UIInterfaceOrientationPortrait UIInterfaceOrientationPortraitUpsideDown UIInterfaceOrientationLandscapeLeft UIInterfaceOrientationLandscapeRight";
				INFOPLIST_KEY_UISupportedInterfaceOrientations_iPhone = "UIInterfaceOrientationPortrait UIInterfaceOrientationLandscapeLeft UIInterfaceOrientationLandscapeRight";
				LD_RUNPATH_SEARCH_PATHS = (
					"$(inherited)",
					"@executable_path/Frameworks",
				);
				MARKETING_VERSION = 1.0;
				PRODUCT_BUNDLE_IDENTIFIER = "com.Hiroaki-Hirabayashi.Modal-DownSwipeDisabled";
				PRODUCT_NAME = "$(TARGET_NAME)";
				SWIFT_EMIT_LOC_STRINGS = YES;
				SWIFT_VERSION = 5.0;
				TARGETED_DEVICE_FAMILY = "1,2";
			};
			name = Release;
		};
		F4DD115427FDCCAD0090E163 /* Debug */ = {
			isa = XCBuildConfiguration;
			buildSettings = {
				ALWAYS_EMBED_SWIFT_STANDARD_LIBRARIES = YES;
				BUNDLE_LOADER = "$(TEST_HOST)";
				CODE_SIGN_STYLE = Automatic;
				CURRENT_PROJECT_VERSION = 1;
				DEVELOPMENT_TEAM = S3PW95J64Q;
				GENERATE_INFOPLIST_FILE = YES;
				IPHONEOS_DEPLOYMENT_TARGET = 15.0;
				LD_RUNPATH_SEARCH_PATHS = (
					"$(inherited)",
					"@executable_path/Frameworks",
					"@loader_path/Frameworks",
				);
				MARKETING_VERSION = 1.0;
				PRODUCT_BUNDLE_IDENTIFIER = "com.Hiroaki-Hirabayashi.Modal-DownSwipeDisabledTests";
				PRODUCT_NAME = "$(TARGET_NAME)";
				SWIFT_EMIT_LOC_STRINGS = NO;
				SWIFT_VERSION = 5.0;
				TARGETED_DEVICE_FAMILY = "1,2";
				TEST_HOST = "$(BUILT_PRODUCTS_DIR)/Modal-DownSwipeDisabled.app/Modal-DownSwipeDisabled";
			};
			name = Debug;
		};
		F4DD115527FDCCAD0090E163 /* Release */ = {
			isa = XCBuildConfiguration;
			buildSettings = {
				ALWAYS_EMBED_SWIFT_STANDARD_LIBRARIES = YES;
				BUNDLE_LOADER = "$(TEST_HOST)";
				CODE_SIGN_STYLE = Automatic;
				CURRENT_PROJECT_VERSION = 1;
				DEVELOPMENT_TEAM = S3PW95J64Q;
				GENERATE_INFOPLIST_FILE = YES;
				IPHONEOS_DEPLOYMENT_TARGET = 15.0;
				LD_RUNPATH_SEARCH_PATHS = (
					"$(inherited)",
					"@executable_path/Frameworks",
					"@loader_path/Frameworks",
				);
				MARKETING_VERSION = 1.0;
				PRODUCT_BUNDLE_IDENTIFIER = "com.Hiroaki-Hirabayashi.Modal-DownSwipeDisabledTests";
				PRODUCT_NAME = "$(TARGET_NAME)";
				SWIFT_EMIT_LOC_STRINGS = NO;
				SWIFT_VERSION = 5.0;
				TARGETED_DEVICE_FAMILY = "1,2";
				TEST_HOST = "$(BUILT_PRODUCTS_DIR)/Modal-DownSwipeDisabled.app/Modal-DownSwipeDisabled";
			};
			name = Release;
		};
		F4DD115727FDCCAD0090E163 /* Debug */ = {
			isa = XCBuildConfiguration;
			buildSettings = {
				ALWAYS_EMBED_SWIFT_STANDARD_LIBRARIES = YES;
				CODE_SIGN_STYLE = Automatic;
				CURRENT_PROJECT_VERSION = 1;
				DEVELOPMENT_TEAM = S3PW95J64Q;
				GENERATE_INFOPLIST_FILE = YES;
				LD_RUNPATH_SEARCH_PATHS = (
					"$(inherited)",
					"@executable_path/Frameworks",
					"@loader_path/Frameworks",
				);
				MARKETING_VERSION = 1.0;
				PRODUCT_BUNDLE_IDENTIFIER = "com.Hiroaki-Hirabayashi.Modal-DownSwipeDisabledUITests";
				PRODUCT_NAME = "$(TARGET_NAME)";
				SWIFT_EMIT_LOC_STRINGS = NO;
				SWIFT_VERSION = 5.0;
				TARGETED_DEVICE_FAMILY = "1,2";
				TEST_TARGET_NAME = "Modal-DownSwipeDisabled";
			};
			name = Debug;
		};
		F4DD115827FDCCAD0090E163 /* Release */ = {
			isa = XCBuildConfiguration;
			buildSettings = {
				ALWAYS_EMBED_SWIFT_STANDARD_LIBRARIES = YES;
				CODE_SIGN_STYLE = Automatic;
				CURRENT_PROJECT_VERSION = 1;
				DEVELOPMENT_TEAM = S3PW95J64Q;
				GENERATE_INFOPLIST_FILE = YES;
				LD_RUNPATH_SEARCH_PATHS = (
					"$(inherited)",
					"@executable_path/Frameworks",
					"@loader_path/Frameworks",
				);
				MARKETING_VERSION = 1.0;
				PRODUCT_BUNDLE_IDENTIFIER = "com.Hiroaki-Hirabayashi.Modal-DownSwipeDisabledUITests";
				PRODUCT_NAME = "$(TARGET_NAME)";
				SWIFT_EMIT_LOC_STRINGS = NO;
				SWIFT_VERSION = 5.0;
				TARGETED_DEVICE_FAMILY = "1,2";
				TEST_TARGET_NAME = "Modal-DownSwipeDisabled";
			};
			name = Release;
		};
/* End XCBuildConfiguration section */

/* Begin XCConfigurationList section */
		F4DD112227FDCCA80090E163 /* Build configuration list for PBXProject "Modal-DownSwipeDisabled" */ = {
			isa = XCConfigurationList;
			buildConfigurations = (
				F4DD114E27FDCCAD0090E163 /* Debug */,
				F4DD114F27FDCCAD0090E163 /* Release */,
			);
			defaultConfigurationIsVisible = 0;
			defaultConfigurationName = Release;
		};
		F4DD115027FDCCAD0090E163 /* Build configuration list for PBXNativeTarget "Modal-DownSwipeDisabled" */ = {
			isa = XCConfigurationList;
			buildConfigurations = (
				F4DD115127FDCCAD0090E163 /* Debug */,
				F4DD115227FDCCAD0090E163 /* Release */,
			);
			defaultConfigurationIsVisible = 0;
			defaultConfigurationName = Release;
		};
		F4DD115327FDCCAD0090E163 /* Build configuration list for PBXNativeTarget "Modal-DownSwipeDisabledTests" */ = {
			isa = XCConfigurationList;
			buildConfigurations = (
				F4DD115427FDCCAD0090E163 /* Debug */,
				F4DD115527FDCCAD0090E163 /* Release */,
			);
			defaultConfigurationIsVisible = 0;
			defaultConfigurationName = Release;
		};
		F4DD115627FDCCAD0090E163 /* Build configuration list for PBXNativeTarget "Modal-DownSwipeDisabledUITests" */ = {
			isa = XCConfigurationList;
			buildConfigurations = (
				F4DD115727FDCCAD0090E163 /* Debug */,
				F4DD115827FDCCAD0090E163 /* Release */,
			);
			defaultConfigurationIsVisible = 0;
			defaultConfigurationName = Release;
		};
/* End XCConfigurationList section */

/* Begin XCVersionGroup section */
		F4DD113527FDCCAC0090E163 /* Modal_DownSwipeDisabled.xcdatamodeld */ = {
			isa = XCVersionGroup;
			children = (
				F4DD113627FDCCAC0090E163 /* Modal_DownSwipeDisabled.xcdatamodel */,
			);
			currentVersion = F4DD113627FDCCAC0090E163 /* Modal_DownSwipeDisabled.xcdatamodel */;
			path = Modal_DownSwipeDisabled.xcdatamodeld;
			sourceTree = "<group>";
			versionGroupType = wrapper.xcdatamodel;
		};
/* End XCVersionGroup section */
	};
	rootObject = F4DD111F27FDCCA80090E163 /* Project object */;
}
